// !$*UTF8*$!
{
	archiveVersion = 1;
	classes = {
	};
	objectVersion = 50;
	objects = {

/* Begin PBXBuildFile section */
		5954FC1D2559A6630011B346 /* AppDelegate.swift in Sources */ = {isa = PBXBuildFile; fileRef = 5954FC1C2559A6630011B346 /* AppDelegate.swift */; };
		5954FC1F2559A6630011B346 /* SceneDelegate.swift in Sources */ = {isa = PBXBuildFile; fileRef = 5954FC1E2559A6630011B346 /* SceneDelegate.swift */; };
		5954FC212559A6630011B346 /* ListingViewController.swift in Sources */ = {isa = PBXBuildFile; fileRef = 5954FC202559A6630011B346 /* ListingViewController.swift */; };
		5954FC242559A6630011B346 /* Main.storyboard in Resources */ = {isa = PBXBuildFile; fileRef = 5954FC222559A6630011B346 /* Main.storyboard */; };
		5954FC262559A6650011B346 /* Assets.xcassets in Resources */ = {isa = PBXBuildFile; fileRef = 5954FC252559A6650011B346 /* Assets.xcassets */; };
		5954FC292559A6650011B346 /* LaunchScreen.storyboard in Resources */ = {isa = PBXBuildFile; fileRef = 5954FC272559A6650011B346 /* LaunchScreen.storyboard */; };
		5983DC922562D94200A01C50 /* CoreDataManager.swift in Sources */ = {isa = PBXBuildFile; fileRef = 5983DC912562D94200A01C50 /* CoreDataManager.swift */; };
		5983DC952562D96400A01C50 /* ListingService.swift in Sources */ = {isa = PBXBuildFile; fileRef = 5983DC942562D96400A01C50 /* ListingService.swift */; };
		5983DC992562E28000A01C50 /* ListingViewModel.swift in Sources */ = {isa = PBXBuildFile; fileRef = 5983DC982562E28000A01C50 /* ListingViewModel.swift */; };
		59C8B2AD256323DD00DC8D3C /* DetailedImageViewController.swift in Sources */ = {isa = PBXBuildFile; fileRef = 59C8B2AC256323DD00DC8D3C /* DetailedImageViewController.swift */; };
		59C978EE25659AC200BE200F /* Utility.swift in Sources */ = {isa = PBXBuildFile; fileRef = 59C978ED25659AC200BE200F /* Utility.swift */; };
		59D18C322561A8F9000224AC /* Model.xcdatamodeld in Sources */ = {isa = PBXBuildFile; fileRef = 59D18C302561A8F9000224AC /* Model.xcdatamodeld */; };
		59D18C432561AA43000224AC /* RedditPost+CoreDataClass.swift in Sources */ = {isa = PBXBuildFile; fileRef = 59D18C412561AA43000224AC /* RedditPost+CoreDataClass.swift */; };
		59D18C442561AA43000224AC /* RedditPost+CoreDataProperties.swift in Sources */ = {isa = PBXBuildFile; fileRef = 59D18C422561AA43000224AC /* RedditPost+CoreDataProperties.swift */; };
		59E435A22559AAA1004EC8EA /* RedditService.swift in Sources */ = {isa = PBXBuildFile; fileRef = 59E435A12559AAA1004EC8EA /* RedditService.swift */; };
/* End PBXBuildFile section */

/* Begin PBXFileReference section */
		5954FC192559A6630011B346 /* Reddit.app */ = {isa = PBXFileReference; explicitFileType = wrapper.application; includeInIndex = 0; path = Reddit.app; sourceTree = BUILT_PRODUCTS_DIR; };
		5954FC1C2559A6630011B346 /* AppDelegate.swift */ = {isa = PBXFileReference; lastKnownFileType = sourcecode.swift; path = AppDelegate.swift; sourceTree = "<group>"; };
		5954FC1E2559A6630011B346 /* SceneDelegate.swift */ = {isa = PBXFileReference; lastKnownFileType = sourcecode.swift; path = SceneDelegate.swift; sourceTree = "<group>"; };
		5954FC202559A6630011B346 /* ListingViewController.swift */ = {isa = PBXFileReference; lastKnownFileType = sourcecode.swift; path = ListingViewController.swift; sourceTree = "<group>"; };
		5954FC232559A6630011B346 /* Base */ = {isa = PBXFileReference; lastKnownFileType = file.storyboard; name = Base; path = Base.lproj/Main.storyboard; sourceTree = "<group>"; };
		5954FC252559A6650011B346 /* Assets.xcassets */ = {isa = PBXFileReference; lastKnownFileType = folder.assetcatalog; path = Assets.xcassets; sourceTree = "<group>"; };
		5954FC282559A6650011B346 /* Base */ = {isa = PBXFileReference; lastKnownFileType = file.storyboard; name = Base; path = Base.lproj/LaunchScreen.storyboard; sourceTree = "<group>"; };
		5954FC2A2559A6650011B346 /* Info.plist */ = {isa = PBXFileReference; lastKnownFileType = text.plist.xml; path = Info.plist; sourceTree = "<group>"; };
		5983DC912562D94200A01C50 /* CoreDataManager.swift */ = {isa = PBXFileReference; lastKnownFileType = sourcecode.swift; path = CoreDataManager.swift; sourceTree = "<group>"; };
		5983DC942562D96400A01C50 /* ListingService.swift */ = {isa = PBXFileReference; lastKnownFileType = sourcecode.swift; path = ListingService.swift; sourceTree = "<group>"; };
		5983DC982562E28000A01C50 /* ListingViewModel.swift */ = {isa = PBXFileReference; lastKnownFileType = sourcecode.swift; path = ListingViewModel.swift; sourceTree = "<group>"; };
		59C8B2AC256323DD00DC8D3C /* DetailedImageViewController.swift */ = {isa = PBXFileReference; lastKnownFileType = sourcecode.swift; path = DetailedImageViewController.swift; sourceTree = "<group>"; };
		59C978ED25659AC200BE200F /* Utility.swift */ = {isa = PBXFileReference; lastKnownFileType = sourcecode.swift; path = Utility.swift; sourceTree = "<group>"; };
		59D18C312561A8F9000224AC /* Model.xcdatamodel */ = {isa = PBXFileReference; lastKnownFileType = wrapper.xcdatamodel; path = Model.xcdatamodel; sourceTree = "<group>"; };
		59D18C412561AA43000224AC /* RedditPost+CoreDataClass.swift */ = {isa = PBXFileReference; lastKnownFileType = sourcecode.swift; name = "RedditPost+CoreDataClass.swift"; path = "Reddit/CoreData/RedditPost+CoreDataClass.swift"; sourceTree = "<group>"; };
		59D18C422561AA43000224AC /* RedditPost+CoreDataProperties.swift */ = {isa = PBXFileReference; lastKnownFileType = sourcecode.swift; name = "RedditPost+CoreDataProperties.swift"; path = "Reddit/CoreData/RedditPost+CoreDataProperties.swift"; sourceTree = "<group>"; };
		59E435A12559AAA1004EC8EA /* RedditService.swift */ = {isa = PBXFileReference; lastKnownFileType = sourcecode.swift; path = RedditService.swift; sourceTree = "<group>"; };
/* End PBXFileReference section */

/* Begin PBXFrameworksBuildPhase section */
		5954FC162559A6630011B346 /* Frameworks */ = {
			isa = PBXFrameworksBuildPhase;
			buildActionMask = 2147483647;
			files = (
			);
			runOnlyForDeploymentPostprocessing = 0;
		};
/* End PBXFrameworksBuildPhase section */

/* Begin PBXGroup section */
		5954FC102559A6630011B346 = {
			isa = PBXGroup;
			children = (
				59D18C412561AA43000224AC /* RedditPost+CoreDataClass.swift */,
				59D18C422561AA43000224AC /* RedditPost+CoreDataProperties.swift */,
				5954FC1B2559A6630011B346 /* Reddit */,
				5954FC1A2559A6630011B346 /* Products */,
			);
			sourceTree = "<group>";
		};
		5954FC1A2559A6630011B346 /* Products */ = {
			isa = PBXGroup;
			children = (
				5954FC192559A6630011B346 /* Reddit.app */,
			);
			name = Products;
			sourceTree = "<group>";
		};
		5954FC1B2559A6630011B346 /* Reddit */ = {
			isa = PBXGroup;
			children = (
				59C978ED25659AC200BE200F /* Utility.swift */,
				5954FC1C2559A6630011B346 /* AppDelegate.swift */,
				5954FC1E2559A6630011B346 /* SceneDelegate.swift */,
				5983DC972562E27400A01C50 /* ListingViewController */,
				5983DC902562D92F00A01C50 /* DataLayer */,
				59D18C302561A8F9000224AC /* Model.xcdatamodeld */,
				5954FC222559A6630011B346 /* Main.storyboard */,
				5954FC252559A6650011B346 /* Assets.xcassets */,
				5954FC272559A6650011B346 /* LaunchScreen.storyboard */,
				5954FC2A2559A6650011B346 /* Info.plist */,
			);
			path = Reddit;
			sourceTree = "<group>";
		};
		5983DC902562D92F00A01C50 /* DataLayer */ = {
			isa = PBXGroup;
			children = (
				59E435A12559AAA1004EC8EA /* RedditService.swift */,
				5983DC942562D96400A01C50 /* ListingService.swift */,
				5983DC912562D94200A01C50 /* CoreDataManager.swift */,
			);
			name = DataLayer;
			sourceTree = "<group>";
		};
		5983DC972562E27400A01C50 /* ListingViewController */ = {
			isa = PBXGroup;
			children = (
				5954FC202559A6630011B346 /* ListingViewController.swift */,
				5983DC982562E28000A01C50 /* ListingViewModel.swift */,
				59C8B2AC256323DD00DC8D3C /* DetailedImageViewController.swift */,
			);
			name = ListingViewController;
			sourceTree = "<group>";
		};
/* End PBXGroup section */

/* Begin PBXNativeTarget section */
		5954FC182559A6630011B346 /* Reddit */ = {
			isa = PBXNativeTarget;
			buildConfigurationList = 5954FC2D2559A6650011B346 /* Build configuration list for PBXNativeTarget "Reddit" */;
			buildPhases = (
				5954FC152559A6630011B346 /* Sources */,
				5954FC162559A6630011B346 /* Frameworks */,
				5954FC172559A6630011B346 /* Resources */,
			);
			buildRules = (
			);
			dependencies = (
			);
			name = Reddit;
			productName = Reddit;
			productReference = 5954FC192559A6630011B346 /* Reddit.app */;
			productType = "com.apple.product-type.application";
		};
/* End PBXNativeTarget section */

/* Begin PBXProject section */
		5954FC112559A6630011B346 /* Project object */ = {
			isa = PBXProject;
			attributes = {
				LastSwiftUpdateCheck = 1210;
				LastUpgradeCheck = 1210;
				TargetAttributes = {
					5954FC182559A6630011B346 = {
						CreatedOnToolsVersion = 12.1;
					};
				};
			};
			buildConfigurationList = 5954FC142559A6630011B346 /* Build configuration list for PBXProject "Reddit" */;
			compatibilityVersion = "Xcode 9.3";
			developmentRegion = en;
			hasScannedForEncodings = 0;
			knownRegions = (
				en,
				Base,
			);
			mainGroup = 5954FC102559A6630011B346;
			productRefGroup = 5954FC1A2559A6630011B346 /* Products */;
			projectDirPath = "";
			projectRoot = "";
			targets = (
				5954FC182559A6630011B346 /* Reddit */,
			);
		};
/* End PBXProject section */

/* Begin PBXResourcesBuildPhase section */
		5954FC172559A6630011B346 /* Resources */ = {
			isa = PBXResourcesBuildPhase;
			buildActionMask = 2147483647;
			files = (
				5954FC292559A6650011B346 /* LaunchScreen.storyboard in Resources */,
				5954FC262559A6650011B346 /* Assets.xcassets in Resources */,
				5954FC242559A6630011B346 /* Main.storyboard in Resources */,
			);
			runOnlyForDeploymentPostprocessing = 0;
		};
/* End PBXResourcesBuildPhase section */

/* Begin PBXSourcesBuildPhase section */
		5954FC152559A6630011B346 /* Sources */ = {
			isa = PBXSourcesBuildPhase;
			buildActionMask = 2147483647;
			files = (
				59C8B2AD256323DD00DC8D3C /* DetailedImageViewController.swift in Sources */,
				59D18C442561AA43000224AC /* RedditPost+CoreDataProperties.swift in Sources */,
				5983DC952562D96400A01C50 /* ListingService.swift in Sources */,
				5954FC212559A6630011B346 /* ListingViewController.swift in Sources */,
				59D18C432561AA43000224AC /* RedditPost+CoreDataClass.swift in Sources */,
				5954FC1D2559A6630011B346 /* AppDelegate.swift in Sources */,
				59D18C322561A8F9000224AC /* Model.xcdatamodeld in Sources */,
				5954FC1F2559A6630011B346 /* SceneDelegate.swift in Sources */,
				59C978EE25659AC200BE200F /* Utility.swift in Sources */,
				5983DC992562E28000A01C50 /* ListingViewModel.swift in Sources */,
				5983DC922562D94200A01C50 /* CoreDataManager.swift in Sources */,
				59E435A22559AAA1004EC8EA /* RedditService.swift in Sources */,
			);
			runOnlyForDeploymentPostprocessing = 0;
		};
/* End PBXSourcesBuildPhase section */

/* Begin PBXVariantGroup section */
		5954FC222559A6630011B346 /* Main.storyboard */ = {
			isa = PBXVariantGroup;
			children = (
				5954FC232559A6630011B346 /* Base */,
			);
			name = Main.storyboard;
			sourceTree = "<group>";
		};
		5954FC272559A6650011B346 /* LaunchScreen.storyboard */ = {
			isa = PBXVariantGroup;
			children = (
				5954FC282559A6650011B346 /* Base */,
			);
			name = LaunchScreen.storyboard;
			sourceTree = "<group>";
		};
/* End PBXVariantGroup section */

/* Begin XCBuildConfiguration section */
		5954FC2B2559A6650011B346 /* Debug */ = {
			isa = XCBuildConfiguration;
			buildSettings = {
				ALWAYS_SEARCH_USER_PATHS = NO;
				CLANG_ANALYZER_NONNULL = YES;
				CLANG_ANALYZER_NUMBER_OBJECT_CONVERSION = YES_AGGRESSIVE;
				CLANG_CXX_LANGUAGE_STANDARD = "gnu++14";
				CLANG_CXX_LIBRARY = "libc++";
				CLANG_ENABLE_MODULES = YES;
				CLANG_ENABLE_OBJC_ARC = YES;
				CLANG_ENABLE_OBJC_WEAK = YES;
				CLANG_WARN_BLOCK_CAPTURE_AUTORELEASING = YES;
				CLANG_WARN_BOOL_CONVERSION = YES;
				CLANG_WARN_COMMA = YES;
				CLANG_WARN_CONSTANT_CONVERSION = YES;
				CLANG_WARN_DEPRECATED_OBJC_IMPLEMENTATIONS = YES;
				CLANG_WARN_DIRECT_OBJC_ISA_USAGE = YES_ERROR;
				CLANG_WARN_DOCUMENTATION_COMMENTS = YES;
				CLANG_WARN_EMPTY_BODY = YES;
				CLANG_WARN_ENUM_CONVERSION = YES;
				CLANG_WARN_INFINITE_RECURSION = YES;
				CLANG_WARN_INT_CONVERSION = YES;
				CLANG_WARN_NON_LITERAL_NULL_CONVERSION = YES;
				CLANG_WARN_OBJC_IMPLICIT_RETAIN_SELF = YES;
				CLANG_WARN_OBJC_LITERAL_CONVERSION = YES;
				CLANG_WARN_OBJC_ROOT_CLASS = YES_ERROR;
				CLANG_WARN_QUOTED_INCLUDE_IN_FRAMEWORK_HEADER = YES;
				CLANG_WARN_RANGE_LOOP_ANALYSIS = YES;
				CLANG_WARN_STRICT_PROTOTYPES = YES;
				CLANG_WARN_SUSPICIOUS_MOVE = YES;
				CLANG_WARN_UNGUARDED_AVAILABILITY = YES_AGGRESSIVE;
				CLANG_WARN_UNREACHABLE_CODE = YES;
				CLANG_WARN__DUPLICATE_METHOD_MATCH = YES;
				COPY_PHASE_STRIP = NO;
				DEBUG_INFORMATION_FORMAT = dwarf;
				ENABLE_STRICT_OBJC_MSGSEND = YES;
				ENABLE_TESTABILITY = YES;
				GCC_C_LANGUAGE_STANDARD = gnu11;
				GCC_DYNAMIC_NO_PIC = NO;
				GCC_NO_COMMON_BLOCKS = YES;
				GCC_OPTIMIZATION_LEVEL = 0;
				GCC_PREPROCESSOR_DEFINITIONS = (
					"DEBUG=1",
					"$(inherited)",
				);
				GCC_WARN_64_TO_32_BIT_CONVERSION = YES;
				GCC_WARN_ABOUT_RETURN_TYPE = YES_ERROR;
				GCC_WARN_UNDECLARED_SELECTOR = YES;
				GCC_WARN_UNINITIALIZED_AUTOS = YES_AGGRESSIVE;
				GCC_WARN_UNUSED_FUNCTION = YES;
				GCC_WARN_UNUSED_VARIABLE = YES;
				IPHONEOS_DEPLOYMENT_TARGET = 14.1;
				MTL_ENABLE_DEBUG_INFO = INCLUDE_SOURCE;
				MTL_FAST_MATH = YES;
				ONLY_ACTIVE_ARCH = YES;
				SDKROOT = iphoneos;
				SWIFT_ACTIVE_COMPILATION_CONDITIONS = DEBUG;
				SWIFT_OPTIMIZATION_LEVEL = "-Onone";
			};
			name = Debug;
		};
		5954FC2C2559A6650011B346 /* Release */ = {
			isa = XCBuildConfiguration;
			buildSettings = {
				ALWAYS_SEARCH_USER_PATHS = NO;
				CLANG_ANALYZER_NONNULL = YES;
				CLANG_ANALYZER_NUMBER_OBJECT_CONVERSION = YES_AGGRESSIVE;
				CLANG_CXX_LANGUAGE_STANDARD = "gnu++14";
				CLANG_CXX_LIBRARY = "libc++";
				CLANG_ENABLE_MODULES = YES;
				CLANG_ENABLE_OBJC_ARC = YES;
				CLANG_ENABLE_OBJC_WEAK = YES;
				CLANG_WARN_BLOCK_CAPTURE_AUTORELEASING = YES;
				CLANG_WARN_BOOL_CONVERSION = YES;
				CLANG_WARN_COMMA = YES;
				CLANG_WARN_CONSTANT_CONVERSION = YES;
				CLANG_WARN_DEPRECATED_OBJC_IMPLEMENTATIONS = YES;
				CLANG_WARN_DIRECT_OBJC_ISA_USAGE = YES_ERROR;
				CLANG_WARN_DOCUMENTATION_COMMENTS = YES;
				CLANG_WARN_EMPTY_BODY = YES;
				CLANG_WARN_ENUM_CONVERSION = YES;
				CLANG_WARN_INFINITE_RECURSION = YES;
				CLANG_WARN_INT_CONVERSION = YES;
				CLANG_WARN_NON_LITERAL_NULL_CONVERSION = YES;
				CLANG_WARN_OBJC_IMPLICIT_RETAIN_SELF = YES;
				CLANG_WARN_OBJC_LITERAL_CONVERSION = YES;
				CLANG_WARN_OBJC_ROOT_CLASS = YES_ERROR;
				CLANG_WARN_QUOTED_INCLUDE_IN_FRAMEWORK_HEADER = YES;
				CLANG_WARN_RANGE_LOOP_ANALYSIS = YES;
				CLANG_WARN_STRICT_PROTOTYPES = YES;
				CLANG_WARN_SUSPICIOUS_MOVE = YES;
				CLANG_WARN_UNGUARDED_AVAILABILITY = YES_AGGRESSIVE;
				CLANG_WARN_UNREACHABLE_CODE = YES;
				CLANG_WARN__DUPLICATE_METHOD_MATCH = YES;
				COPY_PHASE_STRIP = NO;
				DEBUG_INFORMATION_FORMAT = "dwarf-with-dsym";
				ENABLE_NS_ASSERTIONS = NO;
				ENABLE_STRICT_OBJC_MSGSEND = YES;
				GCC_C_LANGUAGE_STANDARD = gnu11;
				GCC_NO_COMMON_BLOCKS = YES;
				GCC_WARN_64_TO_32_BIT_CONVERSION = YES;
				GCC_WARN_ABOUT_RETURN_TYPE = YES_ERROR;
				GCC_WARN_UNDECLARED_SELECTOR = YES;
				GCC_WARN_UNINITIALIZED_AUTOS = YES_AGGRESSIVE;
				GCC_WARN_UNUSED_FUNCTION = YES;
				GCC_WARN_UNUSED_VARIABLE = YES;
				IPHONEOS_DEPLOYMENT_TARGET = 14.1;
				MTL_ENABLE_DEBUG_INFO = NO;
				MTL_FAST_MATH = YES;
				SDKROOT = iphoneos;
				SWIFT_COMPILATION_MODE = wholemodule;
				SWIFT_OPTIMIZATION_LEVEL = "-O";
				VALIDATE_PRODUCT = YES;
			};
			name = Release;
		};
		5954FC2E2559A6650011B346 /* Debug */ = {
			isa = XCBuildConfiguration;
			buildSettings = {
				ASSETCATALOG_COMPILER_APPICON_NAME = AppIcon;
				ASSETCATALOG_COMPILER_GLOBAL_ACCENT_COLOR_NAME = AccentColor;
				CODE_SIGN_STYLE = Automatic;
				DEVELOPMENT_TEAM = CS49BJ2L8Z;
				INFOPLIST_FILE = Reddit/Info.plist;
				LD_RUNPATH_SEARCH_PATHS = (
					"$(inherited)",
					"@executable_path/Frameworks",
				);
				PRODUCT_BUNDLE_IDENTIFIER = koliadenko.Reddit;
				PRODUCT_NAME = "$(TARGET_NAME)";
				SWIFT_VERSION = 5.0;
				TARGETED_DEVICE_FAMILY = 1;
			};
			name = Debug;
		};
		5954FC2F2559A6650011B346 /* Release */ = {
			isa = XCBuildConfiguration;
			buildSettings = {
				ASSETCATALOG_COMPILER_APPICON_NAME = AppIcon;
				ASSETCATALOG_COMPILER_GLOBAL_ACCENT_COLOR_NAME = AccentColor;
				CODE_SIGN_STYLE = Automatic;
				DEVELOPMENT_TEAM = CS49BJ2L8Z;
				INFOPLIST_FILE = Reddit/Info.plist;
				LD_RUNPATH_SEARCH_PATHS = (
					"$(inherited)",
					"@executable_path/Frameworks",
				);
				PRODUCT_BUNDLE_IDENTIFIER = koliadenko.Reddit;
				PRODUCT_NAME = "$(TARGET_NAME)";
				SWIFT_VERSION = 5.0;
				TARGETED_DEVICE_FAMILY = 1;
			};
			name = Release;
		};
/* End XCBuildConfiguration section */

/* Begin XCConfigurationList section */
		5954FC142559A6630011B346 /* Build configuration list for PBXProject "Reddit" */ = {
			isa = XCConfigurationList;
			buildConfigurations = (
				5954FC2B2559A6650011B346 /* Debug */,
				5954FC2C2559A6650011B346 /* Release */,
			);
			defaultConfigurationIsVisible = 0;
			defaultConfigurationName = Release;
		};
		5954FC2D2559A6650011B346 /* Build configuration list for PBXNativeTarget "Reddit" */ = {
			isa = XCConfigurationList;
			buildConfigurations = (
				5954FC2E2559A6650011B346 /* Debug */,
				5954FC2F2559A6650011B346 /* Release */,
			);
			defaultConfigurationIsVisible = 0;
			defaultConfigurationName = Release;
		};
/* End XCConfigurationList section */

/* Begin XCVersionGroup section */
		59D18C302561A8F9000224AC /* Model.xcdatamodeld */ = {
			isa = XCVersionGroup;
			children = (
				59D18C312561A8F9000224AC /* Model.xcdatamodel */,
			);
			currentVersion = 59D18C312561A8F9000224AC /* Model.xcdatamodel */;
			name = Model.xcdatamodeld;
			path = CoreData/Model.xcdatamodeld;
			sourceTree = "<group>";
			versionGroupType = wrapper.xcdatamodel;
		};
/* End XCVersionGroup section */
	};
	rootObject = 5954FC112559A6630011B346 /* Project object */;
}
